
Microsoft Visual Studio Solution File, Format Version 12.00
# Visual Studio Version 17
VisualStudioVersion = 17.7.34221.43
MinimumVisualStudioVersion = 10.0.40219.1
Project("{FAE04EC0-301F-11D3-BF4B-00C04F79EFBC}") = "Schoolregister", "Schoolregister.csproj", "{8B6E97BF-515F-4E15-B5E3-174BA141CBD1}"
EndProject
Global
	GlobalSection(SolutionConfigurationPlatforms) = preSolution
		Debug|Any CPU = Debug|Any CPU
		Release|Any CPU = Release|Any CPU
	EndGlobalSection
	GlobalSection(ProjectConfigurationPlatforms) = postSolution
		{8B6E97BF-515F-4E15-B5E3-174BA141CBD1}.Debug|Any CPU.ActiveCfg = Debug|Any CPU
		{8B6E97BF-515F-4E15-B5E3-174BA141CBD1}.Debug|Any CPU.Build.0 = Debug|Any CPU
		{8B6E97BF-515F-4E15-B5E3-174BA141CBD1}.Release|Any CPU.ActiveCfg = Release|Any CPU
		{8B6E97BF-515F-4E15-B5E3-174BA141CBD1}.Release|Any CPU.Build.0 = Release|Any CPU
	EndGlobalSection
	GlobalSection(SolutionProperties) = preSolution
		HideSolutionNode = FALSE
	EndGlobalSection
	GlobalSection(ExtensibilityGlobals) = postSolution
		SolutionGuid = {7EF8D7B7-5BA1-442B-9C4D-A70B8B208EE0}
	EndGlobalSection
EndGlobal
